// !$*UTF8*$!
{
	archiveVersion = 1;
	classes = {
	};
	objectVersion = 56;
	objects = {

/* Begin PBXBuildFile section */
		671530832C543D0A005D6D02 /* AppDelegate.swift in Sources */ = {isa = PBXBuildFile; fileRef = 671530822C543D0A005D6D02 /* AppDelegate.swift */; };
		671530852C543D0A005D6D02 /* SceneDelegate.swift in Sources */ = {isa = PBXBuildFile; fileRef = 671530842C543D0A005D6D02 /* SceneDelegate.swift */; };
		671530872C543D0A005D6D02 /* ViewController.swift in Sources */ = {isa = PBXBuildFile; fileRef = 671530862C543D0A005D6D02 /* ViewController.swift */; };
		6715308A2C543D0A005D6D02 /* Base in Resources */ = {isa = PBXBuildFile; fileRef = 671530892C543D0A005D6D02 /* Base */; };
		6715308D2C543D0A005D6D02 /* FirebaseApp.xcdatamodeld in Sources */ = {isa = PBXBuildFile; fileRef = 6715308B2C543D0A005D6D02 /* FirebaseApp.xcdatamodeld */; };
		6715308F2C543D0B005D6D02 /* Assets.xcassets in Resources */ = {isa = PBXBuildFile; fileRef = 6715308E2C543D0B005D6D02 /* Assets.xcassets */; };
		671530922C543D0B005D6D02 /* Base in Resources */ = {isa = PBXBuildFile; fileRef = 671530912C543D0B005D6D02 /* Base */; };
		676C97EE2C56929200160B4C /* GoogleService-Info.plist in Resources */ = {isa = PBXBuildFile; fileRef = 676C97ED2C56929200160B4C /* GoogleService-Info.plist */; };
		676C97F12C56975700160B4C /* FirebaseAnalytics in Frameworks */ = {isa = PBXBuildFile; productRef = 676C97F02C56975700160B4C /* FirebaseAnalytics */; };
		676C97F32C56975700160B4C /* FirebaseAuth in Frameworks */ = {isa = PBXBuildFile; productRef = 676C97F22C56975700160B4C /* FirebaseAuth */; };
		676C97F52C56975700160B4C /* FirebaseFirestore in Frameworks */ = {isa = PBXBuildFile; productRef = 676C97F42C56975700160B4C /* FirebaseFirestore */; };
		676C97F72C56975700160B4C /* FirebaseStorage in Frameworks */ = {isa = PBXBuildFile; productRef = 676C97F62C56975700160B4C /* FirebaseStorage */; };
		6789C2622C56AACE00A7E8F6 /* FeedViewController.swift in Sources */ = {isa = PBXBuildFile; fileRef = 6789C2612C56AACE00A7E8F6 /* FeedViewController.swift */; };
		6789C2642C56AADD00A7E8F6 /* UploadViewController.swift in Sources */ = {isa = PBXBuildFile; fileRef = 6789C2632C56AADD00A7E8F6 /* UploadViewController.swift */; };
		6789C2662C56AAE900A7E8F6 /* SettingsViewController.swift in Sources */ = {isa = PBXBuildFile; fileRef = 6789C2652C56AAE900A7E8F6 /* SettingsViewController.swift */; };
		67D9F0282C56C3010073B6DE /* SignUpViewController.swift in Sources */ = {isa = PBXBuildFile; fileRef = 67D9F0272C56C3010073B6DE /* SignUpViewController.swift */; };
		67D9F02A2C56E0230073B6DE /* select.png in Resources */ = {isa = PBXBuildFile; fileRef = 67D9F0292C56E0230073B6DE /* select.png */; };
/* End PBXBuildFile section */

/* Begin PBXFileReference section */
		6715307F2C543D0A005D6D02 /* FirebaseApp.app */ = {isa = PBXFileReference; explicitFileType = wrapper.application; includeInIndex = 0; path = FirebaseApp.app; sourceTree = BUILT_PRODUCTS_DIR; };
		671530822C543D0A005D6D02 /* AppDelegate.swift */ = {isa = PBXFileReference; lastKnownFileType = sourcecode.swift; path = AppDelegate.swift; sourceTree = "<group>"; };
		671530842C543D0A005D6D02 /* SceneDelegate.swift */ = {isa = PBXFileReference; lastKnownFileType = sourcecode.swift; path = SceneDelegate.swift; sourceTree = "<group>"; };
		671530862C543D0A005D6D02 /* ViewController.swift */ = {isa = PBXFileReference; lastKnownFileType = sourcecode.swift; path = ViewController.swift; sourceTree = "<group>"; };
		671530892C543D0A005D6D02 /* Base */ = {isa = PBXFileReference; lastKnownFileType = file.storyboard; name = Base; path = Base.lproj/Main.storyboard; sourceTree = "<group>"; };
		6715308C2C543D0A005D6D02 /* FirebaseApp.xcdatamodel */ = {isa = PBXFileReference; lastKnownFileType = wrapper.xcdatamodel; path = FirebaseApp.xcdatamodel; sourceTree = "<group>"; };
		6715308E2C543D0B005D6D02 /* Assets.xcassets */ = {isa = PBXFileReference; lastKnownFileType = folder.assetcatalog; path = Assets.xcassets; sourceTree = "<group>"; };
		671530912C543D0B005D6D02 /* Base */ = {isa = PBXFileReference; lastKnownFileType = file.storyboard; name = Base; path = Base.lproj/LaunchScreen.storyboard; sourceTree = "<group>"; };
		671530932C543D0B005D6D02 /* Info.plist */ = {isa = PBXFileReference; lastKnownFileType = text.plist.xml; path = Info.plist; sourceTree = "<group>"; };
		676C97ED2C56929200160B4C /* GoogleService-Info.plist */ = {isa = PBXFileReference; fileEncoding = 4; lastKnownFileType = text.plist.xml; name = "GoogleService-Info.plist"; path = "../../../../Downloads/GoogleService-Info.plist"; sourceTree = "<group>"; };
		6789C2612C56AACE00A7E8F6 /* FeedViewController.swift */ = {isa = PBXFileReference; lastKnownFileType = sourcecode.swift; path = FeedViewController.swift; sourceTree = "<group>"; };
		6789C2632C56AADD00A7E8F6 /* UploadViewController.swift */ = {isa = PBXFileReference; lastKnownFileType = sourcecode.swift; path = UploadViewController.swift; sourceTree = "<group>"; };
		6789C2652C56AAE900A7E8F6 /* SettingsViewController.swift */ = {isa = PBXFileReference; lastKnownFileType = sourcecode.swift; path = SettingsViewController.swift; sourceTree = "<group>"; };
		67D9F0272C56C3010073B6DE /* SignUpViewController.swift */ = {isa = PBXFileReference; lastKnownFileType = sourcecode.swift; path = SignUpViewController.swift; sourceTree = "<group>"; };
		67D9F0292C56E0230073B6DE /* select.png */ = {isa = PBXFileReference; lastKnownFileType = image.png; path = select.png; sourceTree = "<group>"; };
/* End PBXFileReference section */

/* Begin PBXFrameworksBuildPhase section */
		6715307C2C543D0A005D6D02 /* Frameworks */ = {
			isa = PBXFrameworksBuildPhase;
			buildActionMask = 2147483647;
			files = (
				676C97F12C56975700160B4C /* FirebaseAnalytics in Frameworks */,
				676C97F72C56975700160B4C /* FirebaseStorage in Frameworks */,
				676C97F32C56975700160B4C /* FirebaseAuth in Frameworks */,
				676C97F52C56975700160B4C /* FirebaseFirestore in Frameworks */,
			);
			runOnlyForDeploymentPostprocessing = 0;
		};
/* End PBXFrameworksBuildPhase section */

/* Begin PBXGroup section */
		671530762C543D0A005D6D02 = {
			isa = PBXGroup;
			children = (
				671530812C543D0A005D6D02 /* FirebaseApp */,
				671530802C543D0A005D6D02 /* Products */,
			);
			sourceTree = "<group>";
		};
		671530802C543D0A005D6D02 /* Products */ = {
			isa = PBXGroup;
			children = (
				6715307F2C543D0A005D6D02 /* FirebaseApp.app */,
			);
			name = Products;
			sourceTree = "<group>";
		};
		671530812C543D0A005D6D02 /* FirebaseApp */ = {
			isa = PBXGroup;
			children = (
				671530822C543D0A005D6D02 /* AppDelegate.swift */,
				671530842C543D0A005D6D02 /* SceneDelegate.swift */,
				671530862C543D0A005D6D02 /* ViewController.swift */,
				671530882C543D0A005D6D02 /* Main.storyboard */,
				6715308E2C543D0B005D6D02 /* Assets.xcassets */,
				671530902C543D0B005D6D02 /* LaunchScreen.storyboard */,
				671530932C543D0B005D6D02 /* Info.plist */,
				6715308B2C543D0A005D6D02 /* FirebaseApp.xcdatamodeld */,
				676C97ED2C56929200160B4C /* GoogleService-Info.plist */,
				6789C2612C56AACE00A7E8F6 /* FeedViewController.swift */,
				6789C2632C56AADD00A7E8F6 /* UploadViewController.swift */,
				6789C2652C56AAE900A7E8F6 /* SettingsViewController.swift */,
				67D9F0272C56C3010073B6DE /* SignUpViewController.swift */,
				67D9F0292C56E0230073B6DE /* select.png */,
			);
			path = FirebaseApp;
			sourceTree = "<group>";
		};
/* End PBXGroup section */

/* Begin PBXNativeTarget section */
		6715307E2C543D0A005D6D02 /* FirebaseApp */ = {
			isa = PBXNativeTarget;
			buildConfigurationList = 671530962C543D0B005D6D02 /* Build configuration list for PBXNativeTarget "FirebaseApp" */;
			buildPhases = (
				6715307B2C543D0A005D6D02 /* Sources */,
				6715307C2C543D0A005D6D02 /* Frameworks */,
				6715307D2C543D0A005D6D02 /* Resources */,
			);
			buildRules = (
			);
			dependencies = (
			);
			name = FirebaseApp;
			packageProductDependencies = (
				676C97F02C56975700160B4C /* FirebaseAnalytics */,
				676C97F22C56975700160B4C /* FirebaseAuth */,
				676C97F42C56975700160B4C /* FirebaseFirestore */,
				676C97F62C56975700160B4C /* FirebaseStorage */,
			);
			productName = FirebaseApp;
			productReference = 6715307F2C543D0A005D6D02 /* FirebaseApp.app */;
			productType = "com.apple.product-type.application";
		};
/* End PBXNativeTarget section */

/* Begin PBXProject section */
		671530772C543D0A005D6D02 /* Project object */ = {
			isa = PBXProject;
			attributes = {
				BuildIndependentTargetsInParallel = 1;
				LastSwiftUpdateCheck = 1540;
				LastUpgradeCheck = 1540;
				TargetAttributes = {
					6715307E2C543D0A005D6D02 = {
						CreatedOnToolsVersion = 15.4;
					};
				};
			};
			buildConfigurationList = 6715307A2C543D0A005D6D02 /* Build configuration list for PBXProject "FirebaseApp" */;
			compatibilityVersion = "Xcode 14.0";
			developmentRegion = en;
			hasScannedForEncodings = 0;
			knownRegions = (
				en,
				Base,
			);
			mainGroup = 671530762C543D0A005D6D02;
			packageReferences = (
				676C97EF2C56975700160B4C /* XCRemoteSwiftPackageReference "firebase-ios-sdk" */,
			);
			productRefGroup = 671530802C543D0A005D6D02 /* Products */;
			projectDirPath = "";
			projectRoot = "";
			targets = (
				6715307E2C543D0A005D6D02 /* FirebaseApp */,
			);
		};
/* End PBXProject section */

/* Begin PBXResourcesBuildPhase section */
		6715307D2C543D0A005D6D02 /* Resources */ = {
			isa = PBXResourcesBuildPhase;
			buildActionMask = 2147483647;
			files = (
				6715308F2C543D0B005D6D02 /* Assets.xcassets in Resources */,
				676C97EE2C56929200160B4C /* GoogleService-Info.plist in Resources */,
				671530922C543D0B005D6D02 /* Base in Resources */,
				6715308A2C543D0A005D6D02 /* Base in Resources */,
				67D9F02A2C56E0230073B6DE /* select.png in Resources */,
			);
			runOnlyForDeploymentPostprocessing = 0;
		};
/* End PBXResourcesBuildPhase section */

/* Begin PBXSourcesBuildPhase section */
		6715307B2C543D0A005D6D02 /* Sources */ = {
			isa = PBXSourcesBuildPhase;
			buildActionMask = 2147483647;
			files = (
				671530872C543D0A005D6D02 /* ViewController.swift in Sources */,
				6789C2642C56AADD00A7E8F6 /* UploadViewController.swift in Sources */,
				67D9F0282C56C3010073B6DE /* SignUpViewController.swift in Sources */,
				6789C2662C56AAE900A7E8F6 /* SettingsViewController.swift in Sources */,
				671530832C543D0A005D6D02 /* AppDelegate.swift in Sources */,
				6789C2622C56AACE00A7E8F6 /* FeedViewController.swift in Sources */,
				6715308D2C543D0A005D6D02 /* FirebaseApp.xcdatamodeld in Sources */,
				671530852C543D0A005D6D02 /* SceneDelegate.swift in Sources */,
			);
			runOnlyForDeploymentPostprocessing = 0;
		};
/* End PBXSourcesBuildPhase section */

/* Begin PBXVariantGroup section */
		671530882C543D0A005D6D02 /* Main.storyboard */ = {
			isa = PBXVariantGroup;
			children = (
				671530892C543D0A005D6D02 /* Base */,
			);
			name = Main.storyboard;
			sourceTree = "<group>";
		};
		671530902C543D0B005D6D02 /* LaunchScreen.storyboard */ = {
			isa = PBXVariantGroup;
			children = (
				671530912C543D0B005D6D02 /* Base */,
			);
			name = LaunchScreen.storyboard;
			sourceTree = "<group>";
		};
/* End PBXVariantGroup section */

/* Begin XCBuildConfiguration section */
		671530942C543D0B005D6D02 /* Debug */ = {
			isa = XCBuildConfiguration;
			buildSettings = {
				ALWAYS_SEARCH_USER_PATHS = NO;
				ASSETCATALOG_COMPILER_GENERATE_SWIFT_ASSET_SYMBOL_EXTENSIONS = YES;
				CLANG_ANALYZER_NONNULL = YES;
				CLANG_ANALYZER_NUMBER_OBJECT_CONVERSION = YES_AGGRESSIVE;
				CLANG_CXX_LANGUAGE_STANDARD = "gnu++20";
				CLANG_ENABLE_MODULES = YES;
				CLANG_ENABLE_OBJC_ARC = YES;
				CLANG_ENABLE_OBJC_WEAK = YES;
				CLANG_WARN_BLOCK_CAPTURE_AUTORELEASING = YES;
				CLANG_WARN_BOOL_CONVERSION = YES;
				CLANG_WARN_COMMA = YES;
				CLANG_WARN_CONSTANT_CONVERSION = YES;
				CLANG_WARN_DEPRECATED_OBJC_IMPLEMENTATIONS = YES;
				CLANG_WARN_DIRECT_OBJC_ISA_USAGE = YES_ERROR;
				CLANG_WARN_DOCUMENTATION_COMMENTS = YES;
				CLANG_WARN_EMPTY_BODY = YES;
				CLANG_WARN_ENUM_CONVERSION = YES;
				CLANG_WARN_INFINITE_RECURSION = YES;
				CLANG_WARN_INT_CONVERSION = YES;
				CLANG_WARN_NON_LITERAL_NULL_CONVERSION = YES;
				CLANG_WARN_OBJC_IMPLICIT_RETAIN_SELF = YES;
				CLANG_WARN_OBJC_LITERAL_CONVERSION = YES;
				CLANG_WARN_OBJC_ROOT_CLASS = YES_ERROR;
				CLANG_WARN_QUOTED_INCLUDE_IN_FRAMEWORK_HEADER = YES;
				CLANG_WARN_RANGE_LOOP_ANALYSIS = YES;
				CLANG_WARN_STRICT_PROTOTYPES = YES;
				CLANG_WARN_SUSPICIOUS_MOVE = YES;
				CLANG_WARN_UNGUARDED_AVAILABILITY = YES_AGGRESSIVE;
				CLANG_WARN_UNREACHABLE_CODE = YES;
				CLANG_WARN__DUPLICATE_METHOD_MATCH = YES;
				COPY_PHASE_STRIP = NO;
				DEBUG_INFORMATION_FORMAT = dwarf;
				ENABLE_STRICT_OBJC_MSGSEND = YES;
				ENABLE_TESTABILITY = YES;
				ENABLE_USER_SCRIPT_SANDBOXING = YES;
				GCC_C_LANGUAGE_STANDARD = gnu17;
				GCC_DYNAMIC_NO_PIC = NO;
				GCC_NO_COMMON_BLOCKS = YES;
				GCC_OPTIMIZATION_LEVEL = 0;
				GCC_PREPROCESSOR_DEFINITIONS = (
					"DEBUG=1",
					"$(inherited)",
				);
				GCC_WARN_64_TO_32_BIT_CONVERSION = YES;
				GCC_WARN_ABOUT_RETURN_TYPE = YES_ERROR;
				GCC_WARN_UNDECLARED_SELECTOR = YES;
				GCC_WARN_UNINITIALIZED_AUTOS = YES_AGGRESSIVE;
				GCC_WARN_UNUSED_FUNCTION = YES;
				GCC_WARN_UNUSED_VARIABLE = YES;
				IPHONEOS_DEPLOYMENT_TARGET = 17.5;
				LOCALIZATION_PREFERS_STRING_CATALOGS = YES;
				MTL_ENABLE_DEBUG_INFO = INCLUDE_SOURCE;
				MTL_FAST_MATH = YES;
				ONLY_ACTIVE_ARCH = YES;
				SDKROOT = iphoneos;
				SWIFT_ACTIVE_COMPILATION_CONDITIONS = "DEBUG $(inherited)";
				SWIFT_OPTIMIZATION_LEVEL = "-Onone";
			};
			name = Debug;
		};
		671530952C543D0B005D6D02 /* Release */ = {
			isa = XCBuildConfiguration;
			buildSettings = {
				ALWAYS_SEARCH_USER_PATHS = NO;
				ASSETCATALOG_COMPILER_GENERATE_SWIFT_ASSET_SYMBOL_EXTENSIONS = YES;
				CLANG_ANALYZER_NONNULL = YES;
				CLANG_ANALYZER_NUMBER_OBJECT_CONVERSION = YES_AGGRESSIVE;
				CLANG_CXX_LANGUAGE_STANDARD = "gnu++20";
				CLANG_ENABLE_MODULES = YES;
				CLANG_ENABLE_OBJC_ARC = YES;
				CLANG_ENABLE_OBJC_WEAK = YES;
				CLANG_WARN_BLOCK_CAPTURE_AUTORELEASING = YES;
				CLANG_WARN_BOOL_CONVERSION = YES;
				CLANG_WARN_COMMA = YES;
				CLANG_WARN_CONSTANT_CONVERSION = YES;
				CLANG_WARN_DEPRECATED_OBJC_IMPLEMENTATIONS = YES;
				CLANG_WARN_DIRECT_OBJC_ISA_USAGE = YES_ERROR;
				CLANG_WARN_DOCUMENTATION_COMMENTS = YES;
				CLANG_WARN_EMPTY_BODY = YES;
				CLANG_WARN_ENUM_CONVERSION = YES;
				CLANG_WARN_INFINITE_RECURSION = YES;
				CLANG_WARN_INT_CONVERSION = YES;
				CLANG_WARN_NON_LITERAL_NULL_CONVERSION = YES;
				CLANG_WARN_OBJC_IMPLICIT_RETAIN_SELF = YES;
				CLANG_WARN_OBJC_LITERAL_CONVERSION = YES;
				CLANG_WARN_OBJC_ROOT_CLASS = YES_ERROR;
				CLANG_WARN_QUOTED_INCLUDE_IN_FRAMEWORK_HEADER = YES;
				CLANG_WARN_RANGE_LOOP_ANALYSIS = YES;
				CLANG_WARN_STRICT_PROTOTYPES = YES;
				CLANG_WARN_SUSPICIOUS_MOVE = YES;
				CLANG_WARN_UNGUARDED_AVAILABILITY = YES_AGGRESSIVE;
				CLANG_WARN_UNREACHABLE_CODE = YES;
				CLANG_WARN__DUPLICATE_METHOD_MATCH = YES;
				COPY_PHASE_STRIP = NO;
				DEBUG_INFORMATION_FORMAT = "dwarf-with-dsym";
				ENABLE_NS_ASSERTIONS = NO;
				ENABLE_STRICT_OBJC_MSGSEND = YES;
				ENABLE_USER_SCRIPT_SANDBOXING = YES;
				GCC_C_LANGUAGE_STANDARD = gnu17;
				GCC_NO_COMMON_BLOCKS = YES;
				GCC_WARN_64_TO_32_BIT_CONVERSION = YES;
				GCC_WARN_ABOUT_RETURN_TYPE = YES_ERROR;
				GCC_WARN_UNDECLARED_SELECTOR = YES;
				GCC_WARN_UNINITIALIZED_AUTOS = YES_AGGRESSIVE;
				GCC_WARN_UNUSED_FUNCTION = YES;
				GCC_WARN_UNUSED_VARIABLE = YES;
				IPHONEOS_DEPLOYMENT_TARGET = 17.5;
				LOCALIZATION_PREFERS_STRING_CATALOGS = YES;
				MTL_ENABLE_DEBUG_INFO = NO;
				MTL_FAST_MATH = YES;
				SDKROOT = iphoneos;
				SWIFT_COMPILATION_MODE = wholemodule;
				VALIDATE_PRODUCT = YES;
			};
			name = Release;
		};
		671530972C543D0B005D6D02 /* Debug */ = {
			isa = XCBuildConfiguration;
			buildSettings = {
				ASSETCATALOG_COMPILER_APPICON_NAME = AppIcon;
				ASSETCATALOG_COMPILER_GLOBAL_ACCENT_COLOR_NAME = AccentColor;
				CODE_SIGN_STYLE = Automatic;
				CURRENT_PROJECT_VERSION = 1;
				DEVELOPMENT_TEAM = 26MRJS5JNB;
				GENERATE_INFOPLIST_FILE = YES;
				INFOPLIST_FILE = FirebaseApp/Info.plist;
				INFOPLIST_KEY_UIApplicationSupportsIndirectInputEvents = YES;
				INFOPLIST_KEY_UILaunchStoryboardName = LaunchScreen;
				INFOPLIST_KEY_UIMainStoryboardFile = Main;
				INFOPLIST_KEY_UISupportedInterfaceOrientations_iPad = "UIInterfaceOrientationPortrait UIInterfaceOrientationPortraitUpsideDown UIInterfaceOrientationLandscapeLeft UIInterfaceOrientationLandscapeRight";
				INFOPLIST_KEY_UISupportedInterfaceOrientations_iPhone = "UIInterfaceOrientationPortrait UIInterfaceOrientationLandscapeLeft UIInterfaceOrientationLandscapeRight";
				LD_RUNPATH_SEARCH_PATHS = (
					"$(inherited)",
					"@executable_path/Frameworks",
				);
				MARKETING_VERSION = 1.0;
				PRODUCT_BUNDLE_IDENTIFIER = com.elifataseven.FirebaseApp;
				PRODUCT_NAME = "$(TARGET_NAME)";
				SWIFT_EMIT_LOC_STRINGS = YES;
				SWIFT_VERSION = 5.0;
				TARGETED_DEVICE_FAMILY = "1,2";
			};
			name = Debug;
		};
		671530982C543D0B005D6D02 /* Release */ = {
			isa = XCBuildConfiguration;
			buildSettings = {
				ASSETCATALOG_COMPILER_APPICON_NAME = AppIcon;
				ASSETCATALOG_COMPILER_GLOBAL_ACCENT_COLOR_NAME = AccentColor;
				CODE_SIGN_STYLE = Automatic;
				CURRENT_PROJECT_VERSION = 1;
				DEVELOPMENT_TEAM = 26MRJS5JNB;
				GENERATE_INFOPLIST_FILE = YES;
				INFOPLIST_FILE = FirebaseApp/Info.plist;
				INFOPLIST_KEY_UIApplicationSupportsIndirectInputEvents = YES;
				INFOPLIST_KEY_UILaunchStoryboardName = LaunchScreen;
				INFOPLIST_KEY_UIMainStoryboardFile = Main;
				INFOPLIST_KEY_UISupportedInterfaceOrientations_iPad = "UIInterfaceOrientationPortrait UIInterfaceOrientationPortraitUpsideDown UIInterfaceOrientationLandscapeLeft UIInterfaceOrientationLandscapeRight";
				INFOPLIST_KEY_UISupportedInterfaceOrientations_iPhone = "UIInterfaceOrientationPortrait UIInterfaceOrientationLandscapeLeft UIInterfaceOrientationLandscapeRight";
				LD_RUNPATH_SEARCH_PATHS = (
					"$(inherited)",
					"@executable_path/Frameworks",
				);
				MARKETING_VERSION = 1.0;
				PRODUCT_BUNDLE_IDENTIFIER = com.elifataseven.FirebaseApp;
				PRODUCT_NAME = "$(TARGET_NAME)";
				SWIFT_EMIT_LOC_STRINGS = YES;
				SWIFT_VERSION = 5.0;
				TARGETED_DEVICE_FAMILY = "1,2";
			};
			name = Release;
		};
/* End XCBuildConfiguration section */

/* Begin XCConfigurationList section */
		6715307A2C543D0A005D6D02 /* Build configuration list for PBXProject "FirebaseApp" */ = {
			isa = XCConfigurationList;
			buildConfigurations = (
				671530942C543D0B005D6D02 /* Debug */,
				671530952C543D0B005D6D02 /* Release */,
			);
			defaultConfigurationIsVisible = 0;
			defaultConfigurationName = Release;
		};
		671530962C543D0B005D6D02 /* Build configuration list for PBXNativeTarget "FirebaseApp" */ = {
			isa = XCConfigurationList;
			buildConfigurations = (
				671530972C543D0B005D6D02 /* Debug */,
				671530982C543D0B005D6D02 /* Release */,
			);
			defaultConfigurationIsVisible = 0;
			defaultConfigurationName = Release;
		};
/* End XCConfigurationList section */

/* Begin XCRemoteSwiftPackageReference section */
		676C97EF2C56975700160B4C /* XCRemoteSwiftPackageReference "firebase-ios-sdk" */ = {
			isa = XCRemoteSwiftPackageReference;
			repositoryURL = "https://github.com/firebase/firebase-ios-sdk";
			requirement = {
				kind = upToNextMajorVersion;
				minimumVersion = 10.29.0;
			};
		};
/* End XCRemoteSwiftPackageReference section */

/* Begin XCSwiftPackageProductDependency section */
		676C97F02C56975700160B4C /* FirebaseAnalytics */ = {
			isa = XCSwiftPackageProductDependency;
			package = 676C97EF2C56975700160B4C /* XCRemoteSwiftPackageReference "firebase-ios-sdk" */;
			productName = FirebaseAnalytics;
		};
		676C97F22C56975700160B4C /* FirebaseAuth */ = {
			isa = XCSwiftPackageProductDependency;
			package = 676C97EF2C56975700160B4C /* XCRemoteSwiftPackageReference "firebase-ios-sdk" */;
			productName = FirebaseAuth;
		};
		676C97F42C56975700160B4C /* FirebaseFirestore */ = {
			isa = XCSwiftPackageProductDependency;
			package = 676C97EF2C56975700160B4C /* XCRemoteSwiftPackageReference "firebase-ios-sdk" */;
			productName = FirebaseFirestore;
		};
		676C97F62C56975700160B4C /* FirebaseStorage */ = {
			isa = XCSwiftPackageProductDependency;
			package = 676C97EF2C56975700160B4C /* XCRemoteSwiftPackageReference "firebase-ios-sdk" */;
			productName = FirebaseStorage;
		};
/* End XCSwiftPackageProductDependency section */

/* Begin XCVersionGroup section */
		6715308B2C543D0A005D6D02 /* FirebaseApp.xcdatamodeld */ = {
			isa = XCVersionGroup;
			children = (
				6715308C2C543D0A005D6D02 /* FirebaseApp.xcdatamodel */,
			);
			currentVersion = 6715308C2C543D0A005D6D02 /* FirebaseApp.xcdatamodel */;
			path = FirebaseApp.xcdatamodeld;
			sourceTree = "<group>";
			versionGroupType = wrapper.xcdatamodel;
		};
/* End XCVersionGroup section */
	};
	rootObject = 671530772C543D0A005D6D02 /* Project object */;
}
